
Microsoft Visual Studio Solution File, Format Version 12.00
# Visual Studio Version 16
VisualStudioVersion = 25.0.1706.12
MinimumVisualStudioVersion = 10.0.40219.1
Project("{FAE04EC0-301F-11D3-BF4B-00C04F79EFBC}") = "DegreedAssignment", "DegreedAssignment\DegreedAssignment.csproj", "{FB66D119-5808-4CA8-9BB1-C8C571C288F7}"
EndProject
Global
	GlobalSection(SolutionConfigurationPlatforms) = preSolution
		Debug|Any CPU = Debug|Any CPU
		Release|Any CPU = Release|Any CPU
	EndGlobalSection
	GlobalSection(ProjectConfigurationPlatforms) = postSolution
		{FB66D119-5808-4CA8-9BB1-C8C571C288F7}.Debug|Any CPU.ActiveCfg = Debug|Any CPU
		{FB66D119-5808-4CA8-9BB1-C8C571C288F7}.Debug|Any CPU.Build.0 = Debug|Any CPU
		{FB66D119-5808-4CA8-9BB1-C8C571C288F7}.Release|Any CPU.ActiveCfg = Release|Any CPU
		{FB66D119-5808-4CA8-9BB1-C8C571C288F7}.Release|Any CPU.Build.0 = Release|Any CPU
	EndGlobalSection
	GlobalSection(SolutionProperties) = preSolution
		HideSolutionNode = FALSE
	EndGlobalSection
	GlobalSection(ExtensibilityGlobals) = postSolution
		SolutionGuid = {D0669C91-35F0-4287-B9CD-2EAA4A42547A}
	EndGlobalSection
EndGlobal
